
Microsoft Visual Studio Solution File, Format Version 12.00
# Visual Studio 15
VisualStudioVersion = 15.0.26403.0
MinimumVisualStudioVersion = 10.0.40219.1
Project("{FAE04EC0-301F-11D3-BF4B-00C04F79EFBC}") = "Zio", "Zio\Zio.csproj", "{C32F22EB-323B-489F-A825-BC5018EC7A7F}"
EndProject
Project("{FAE04EC0-301F-11D3-BF4B-00C04F79EFBC}") = "Zio.Tests", "Zio.Tests\Zio.Tests.csproj", "{CE2FA165-222F-48F1-9D46-140F01687C06}"
EndProject
Global
	GlobalSection(SolutionConfigurationPlatforms) = preSolution
		Debug|Any CPU = Debug|Any CPU
		Release|Any CPU = Release|Any CPU
	EndGlobalSection
	GlobalSection(ProjectConfigurationPlatforms) = postSolution
		{C32F22EB-323B-489F-A825-BC5018EC7A7F}.Debug|Any CPU.ActiveCfg = Debug|Any CPU
		{C32F22EB-323B-489F-A825-BC5018EC7A7F}.Debug|Any CPU.Build.0 = Debug|Any CPU
		{C32F22EB-323B-489F-A825-BC5018EC7A7F}.Release|Any CPU.ActiveCfg = Release|Any CPU
		{C32F22EB-323B-489F-A825-BC5018EC7A7F}.Release|Any CPU.Build.0 = Release|Any CPU
		{CE2FA165-222F-48F1-9D46-140F01687C06}.Debug|Any CPU.ActiveCfg = Debug|Any CPU
		{CE2FA165-222F-48F1-9D46-140F01687C06}.Debug|Any CPU.Build.0 = Debug|Any CPU
		{CE2FA165-222F-48F1-9D46-140F01687C06}.Release|Any CPU.ActiveCfg = Release|Any CPU
		{CE2FA165-222F-48F1-9D46-140F01687C06}.Release|Any CPU.Build.0 = Release|Any CPU
	EndGlobalSection
	GlobalSection(SolutionProperties) = preSolution
		HideSolutionNode = FALSE
	EndGlobalSection
EndGlobal
